// !$*UTF8*$!
{
	archiveVersion = 1;
	classes = {
	};
	objectVersion = 56;
	objects = {

/* Begin PBXBuildFile section */
		4176AB2C2BE520FD00F39712 /* AppDelegate.swift in Sources */ = {isa = PBXBuildFile; fileRef = 4176AB2B2BE520FD00F39712 /* AppDelegate.swift */; };
		4176AB2E2BE520FD00F39712 /* SceneDelegate.swift in Sources */ = {isa = PBXBuildFile; fileRef = 4176AB2D2BE520FD00F39712 /* SceneDelegate.swift */; };
		4176AB332BE520FD00F39712 /* Base in Resources */ = {isa = PBXBuildFile; fileRef = 4176AB322BE520FD00F39712 /* Base */; };
		4176AB352BE520FE00F39712 /* Assets.xcassets in Resources */ = {isa = PBXBuildFile; fileRef = 4176AB342BE520FE00F39712 /* Assets.xcassets */; };
		4176AB382BE520FE00F39712 /* Base in Resources */ = {isa = PBXBuildFile; fileRef = 4176AB372BE520FE00F39712 /* Base */; };
		4176AB462BE5583700F39712 /* MainTabController.swift in Sources */ = {isa = PBXBuildFile; fileRef = 4176AB452BE5583700F39712 /* MainTabController.swift */; };
		4176AB4A2BE644A700F39712 /* FeedController.swift in Sources */ = {isa = PBXBuildFile; fileRef = 4176AB492BE644A700F39712 /* FeedController.swift */; };
		4176AB4C2BE6452C00F39712 /* ExploreController.swift in Sources */ = {isa = PBXBuildFile; fileRef = 4176AB4B2BE6452B00F39712 /* ExploreController.swift */; };
		4176AB4E2BE6453F00F39712 /* NotificationsController.swift in Sources */ = {isa = PBXBuildFile; fileRef = 4176AB4D2BE6453F00F39712 /* NotificationsController.swift */; };
		4176AB502BE6455200F39712 /* ConversationsController.swift in Sources */ = {isa = PBXBuildFile; fileRef = 4176AB4F2BE6455200F39712 /* ConversationsController.swift */; };
		4176AB522BEA2A5600F39712 /* Extentions.swift in Sources */ = {isa = PBXBuildFile; fileRef = 4176AB512BEA2A5600F39712 /* Extentions.swift */; };
		4176AB552BEA7DAD00F39712 /* LoginController.swift in Sources */ = {isa = PBXBuildFile; fileRef = 4176AB542BEA7DAD00F39712 /* LoginController.swift */; };
		4176AB572BEA7E3800F39712 /* RegistrationController.swift in Sources */ = {isa = PBXBuildFile; fileRef = 4176AB562BEA7E3800F39712 /* RegistrationController.swift */; };
		4176AB592BEB8D1700F39712 /* Utilities.swift in Sources */ = {isa = PBXBuildFile; fileRef = 4176AB582BEB8D1700F39712 /* Utilities.swift */; };
		4176AB5D2BEF46F900F39712 /* GoogleService-Info.plist in Resources */ = {isa = PBXBuildFile; fileRef = 4176AB5C2BEF46F900F39712 /* GoogleService-Info.plist */; };
		5C1AB7B7141E73A2B5F3D1B3 /* Pods_Twitter_Clone.framework in Frameworks */ = {isa = PBXBuildFile; fileRef = ACE595AB22C0B5C0F5A5ABCE /* Pods_Twitter_Clone.framework */; };
/* End PBXBuildFile section */

/* Begin PBXFileReference section */
		1367DC942958A880FB27190B /* Pods-Twitter-Clone.release.xcconfig */ = {isa = PBXFileReference; includeInIndex = 1; lastKnownFileType = text.xcconfig; name = "Pods-Twitter-Clone.release.xcconfig"; path = "Target Support Files/Pods-Twitter-Clone/Pods-Twitter-Clone.release.xcconfig"; sourceTree = "<group>"; };
		4176AB282BE520FD00F39712 /* Twitter-Clone.app */ = {isa = PBXFileReference; explicitFileType = wrapper.application; includeInIndex = 0; path = "Twitter-Clone.app"; sourceTree = BUILT_PRODUCTS_DIR; };
		4176AB2B2BE520FD00F39712 /* AppDelegate.swift */ = {isa = PBXFileReference; lastKnownFileType = sourcecode.swift; path = AppDelegate.swift; sourceTree = "<group>"; };
		4176AB2D2BE520FD00F39712 /* SceneDelegate.swift */ = {isa = PBXFileReference; lastKnownFileType = sourcecode.swift; path = SceneDelegate.swift; sourceTree = "<group>"; };
		4176AB322BE520FD00F39712 /* Base */ = {isa = PBXFileReference; lastKnownFileType = file.storyboard; name = Base; path = Base.lproj/Main.storyboard; sourceTree = "<group>"; };
		4176AB342BE520FE00F39712 /* Assets.xcassets */ = {isa = PBXFileReference; lastKnownFileType = folder.assetcatalog; path = Assets.xcassets; sourceTree = "<group>"; };
		4176AB372BE520FE00F39712 /* Base */ = {isa = PBXFileReference; lastKnownFileType = file.storyboard; name = Base; path = Base.lproj/LaunchScreen.storyboard; sourceTree = "<group>"; };
		4176AB392BE520FE00F39712 /* Info.plist */ = {isa = PBXFileReference; lastKnownFileType = text.plist.xml; path = Info.plist; sourceTree = "<group>"; };
		4176AB452BE5583700F39712 /* MainTabController.swift */ = {isa = PBXFileReference; lastKnownFileType = sourcecode.swift; path = MainTabController.swift; sourceTree = "<group>"; };
		4176AB492BE644A700F39712 /* FeedController.swift */ = {isa = PBXFileReference; lastKnownFileType = sourcecode.swift; path = FeedController.swift; sourceTree = "<group>"; };
		4176AB4B2BE6452B00F39712 /* ExploreController.swift */ = {isa = PBXFileReference; lastKnownFileType = sourcecode.swift; path = ExploreController.swift; sourceTree = "<group>"; };
		4176AB4D2BE6453F00F39712 /* NotificationsController.swift */ = {isa = PBXFileReference; lastKnownFileType = sourcecode.swift; path = NotificationsController.swift; sourceTree = "<group>"; };
		4176AB4F2BE6455200F39712 /* ConversationsController.swift */ = {isa = PBXFileReference; lastKnownFileType = sourcecode.swift; path = ConversationsController.swift; sourceTree = "<group>"; };
		4176AB512BEA2A5600F39712 /* Extentions.swift */ = {isa = PBXFileReference; lastKnownFileType = sourcecode.swift; path = Extentions.swift; sourceTree = "<group>"; };
		4176AB542BEA7DAD00F39712 /* LoginController.swift */ = {isa = PBXFileReference; lastKnownFileType = sourcecode.swift; path = LoginController.swift; sourceTree = "<group>"; };
		4176AB562BEA7E3800F39712 /* RegistrationController.swift */ = {isa = PBXFileReference; lastKnownFileType = sourcecode.swift; path = RegistrationController.swift; sourceTree = "<group>"; };
		4176AB582BEB8D1700F39712 /* Utilities.swift */ = {isa = PBXFileReference; lastKnownFileType = sourcecode.swift; path = Utilities.swift; sourceTree = "<group>"; };
		4176AB5C2BEF46F900F39712 /* GoogleService-Info.plist */ = {isa = PBXFileReference; fileEncoding = 4; lastKnownFileType = text.plist.xml; path = "GoogleService-Info.plist"; sourceTree = "<group>"; };
		ACE595AB22C0B5C0F5A5ABCE /* Pods_Twitter_Clone.framework */ = {isa = PBXFileReference; explicitFileType = wrapper.framework; includeInIndex = 0; path = Pods_Twitter_Clone.framework; sourceTree = BUILT_PRODUCTS_DIR; };
		F34C6CBCEB23FF225A6BAE2D /* Pods-Twitter-Clone.debug.xcconfig */ = {isa = PBXFileReference; includeInIndex = 1; lastKnownFileType = text.xcconfig; name = "Pods-Twitter-Clone.debug.xcconfig"; path = "Target Support Files/Pods-Twitter-Clone/Pods-Twitter-Clone.debug.xcconfig"; sourceTree = "<group>"; };
/* End PBXFileReference section */

/* Begin PBXFrameworksBuildPhase section */
		4176AB252BE520FD00F39712 /* Frameworks */ = {
			isa = PBXFrameworksBuildPhase;
			buildActionMask = 2147483647;
			files = (
				5C1AB7B7141E73A2B5F3D1B3 /* Pods_Twitter_Clone.framework in Frameworks */,
			);
			runOnlyForDeploymentPostprocessing = 0;
		};
/* End PBXFrameworksBuildPhase section */

/* Begin PBXGroup section */
		4176AB1F2BE520FD00F39712 = {
			isa = PBXGroup;
			children = (
				4176AB2A2BE520FD00F39712 /* Twitter-Clone */,
				4176AB292BE520FD00F39712 /* Products */,
				FAAC5C90212862B0CC419B8C /* Pods */,
				C716EFEF2F74E8914F353055 /* Frameworks */,
			);
			sourceTree = "<group>";
		};
		4176AB292BE520FD00F39712 /* Products */ = {
			isa = PBXGroup;
			children = (
				4176AB282BE520FD00F39712 /* Twitter-Clone.app */,
			);
			name = Products;
			sourceTree = "<group>";
		};
		4176AB2A2BE520FD00F39712 /* Twitter-Clone */ = {
			isa = PBXGroup;
			children = (
				4176AB442BE522EE00F39712 /* Model */,
				4176AB432BE522EA00F39712 /* View */,
				4176AB422BE522E700F39712 /* ViewModel */,
				4176AB412BE522E400F39712 /* Controller */,
				4176AB402BE522DC00F39712 /* API */,
				4176AB3F2BE522CA00F39712 /* Utils */,
				4176AB2B2BE520FD00F39712 /* AppDelegate.swift */,
				4176AB2D2BE520FD00F39712 /* SceneDelegate.swift */,
				4176AB312BE520FD00F39712 /* Main.storyboard */,
				4176AB342BE520FE00F39712 /* Assets.xcassets */,
				4176AB362BE520FE00F39712 /* LaunchScreen.storyboard */,
				4176AB392BE520FE00F39712 /* Info.plist */,
				4176AB5C2BEF46F900F39712 /* GoogleService-Info.plist */,
			);
			path = "Twitter-Clone";
			sourceTree = "<group>";
		};
		4176AB3F2BE522CA00F39712 /* Utils */ = {
			isa = PBXGroup;
			children = (
				4176AB512BEA2A5600F39712 /* Extentions.swift */,
				4176AB582BEB8D1700F39712 /* Utilities.swift */,
			);
			path = Utils;
			sourceTree = "<group>";
		};
		4176AB402BE522DC00F39712 /* API */ = {
			isa = PBXGroup;
			children = (
			);
			path = API;
			sourceTree = "<group>";
		};
		4176AB412BE522E400F39712 /* Controller */ = {
			isa = PBXGroup;
			children = (
				4176AB532BEA7D9400F39712 /* Authentication */,
				4176AB452BE5583700F39712 /* MainTabController.swift */,
				4176AB492BE644A700F39712 /* FeedController.swift */,
				4176AB4B2BE6452B00F39712 /* ExploreController.swift */,
				4176AB4D2BE6453F00F39712 /* NotificationsController.swift */,
				4176AB4F2BE6455200F39712 /* ConversationsController.swift */,
			);
			path = Controller;
			sourceTree = "<group>";
		};
		4176AB422BE522E700F39712 /* ViewModel */ = {
			isa = PBXGroup;
			children = (
			);
			path = ViewModel;
			sourceTree = "<group>";
		};
		4176AB432BE522EA00F39712 /* View */ = {
			isa = PBXGroup;
			children = (
			);
			path = View;
			sourceTree = "<group>";
		};
		4176AB442BE522EE00F39712 /* Model */ = {
			isa = PBXGroup;
			children = (
			);
			path = Model;
			sourceTree = "<group>";
		};
		4176AB532BEA7D9400F39712 /* Authentication */ = {
			isa = PBXGroup;
			children = (
				4176AB542BEA7DAD00F39712 /* LoginController.swift */,
				4176AB562BEA7E3800F39712 /* RegistrationController.swift */,
			);
			path = Authentication;
			sourceTree = "<group>";
		};
		C716EFEF2F74E8914F353055 /* Frameworks */ = {
			isa = PBXGroup;
			children = (
				ACE595AB22C0B5C0F5A5ABCE /* Pods_Twitter_Clone.framework */,
			);
			name = Frameworks;
			sourceTree = "<group>";
		};
		FAAC5C90212862B0CC419B8C /* Pods */ = {
			isa = PBXGroup;
			children = (
				F34C6CBCEB23FF225A6BAE2D /* Pods-Twitter-Clone.debug.xcconfig */,
				1367DC942958A880FB27190B /* Pods-Twitter-Clone.release.xcconfig */,
			);
			path = Pods;
			sourceTree = "<group>";
		};
/* End PBXGroup section */

/* Begin PBXNativeTarget section */
		4176AB272BE520FD00F39712 /* Twitter-Clone */ = {
			isa = PBXNativeTarget;
			buildConfigurationList = 4176AB3C2BE520FE00F39712 /* Build configuration list for PBXNativeTarget "Twitter-Clone" */;
			buildPhases = (
				5ADFB088FA7ABBEE8C4C373E /* [CP] Check Pods Manifest.lock */,
				4176AB242BE520FD00F39712 /* Sources */,
				4176AB252BE520FD00F39712 /* Frameworks */,
				4176AB262BE520FD00F39712 /* Resources */,
				C0FCCC282B4DFBE2E56F7F7F /* [CP] Embed Pods Frameworks */,
			);
			buildRules = (
			);
			dependencies = (
			);
			name = "Twitter-Clone";
			productName = "Twitter-Clone";
			productReference = 4176AB282BE520FD00F39712 /* Twitter-Clone.app */;
			productType = "com.apple.product-type.application";
		};
/* End PBXNativeTarget section */

/* Begin PBXProject section */
		4176AB202BE520FD00F39712 /* Project object */ = {
			isa = PBXProject;
			attributes = {
				BuildIndependentTargetsInParallel = 1;
				LastSwiftUpdateCheck = 1530;
				LastUpgradeCheck = 1530;
				TargetAttributes = {
					4176AB272BE520FD00F39712 = {
						CreatedOnToolsVersion = 15.3;
					};
				};
			};
			buildConfigurationList = 4176AB232BE520FD00F39712 /* Build configuration list for PBXProject "Twitter-Clone" */;
			compatibilityVersion = "Xcode 14.0";
			developmentRegion = en;
			hasScannedForEncodings = 0;
			knownRegions = (
				en,
				Base,
			);
			mainGroup = 4176AB1F2BE520FD00F39712;
			productRefGroup = 4176AB292BE520FD00F39712 /* Products */;
			projectDirPath = "";
			projectRoot = "";
			targets = (
				4176AB272BE520FD00F39712 /* Twitter-Clone */,
			);
		};
/* End PBXProject section */

/* Begin PBXResourcesBuildPhase section */
		4176AB262BE520FD00F39712 /* Resources */ = {
			isa = PBXResourcesBuildPhase;
			buildActionMask = 2147483647;
			files = (
				4176AB352BE520FE00F39712 /* Assets.xcassets in Resources */,
				4176AB5D2BEF46F900F39712 /* GoogleService-Info.plist in Resources */,
				4176AB382BE520FE00F39712 /* Base in Resources */,
				4176AB332BE520FD00F39712 /* Base in Resources */,
			);
			runOnlyForDeploymentPostprocessing = 0;
		};
/* End PBXResourcesBuildPhase section */

/* Begin PBXShellScriptBuildPhase section */
		5ADFB088FA7ABBEE8C4C373E /* [CP] Check Pods Manifest.lock */ = {
			isa = PBXShellScriptBuildPhase;
			buildActionMask = 2147483647;
			files = (
			);
			inputFileListPaths = (
			);
			inputPaths = (
				"${PODS_PODFILE_DIR_PATH}/Podfile.lock",
				"${PODS_ROOT}/Manifest.lock",
			);
			name = "[CP] Check Pods Manifest.lock";
			outputFileListPaths = (
			);
			outputPaths = (
				"$(DERIVED_FILE_DIR)/Pods-Twitter-Clone-checkManifestLockResult.txt",
			);
			runOnlyForDeploymentPostprocessing = 0;
			shellPath = /bin/sh;
			shellScript = "diff \"${PODS_PODFILE_DIR_PATH}/Podfile.lock\" \"${PODS_ROOT}/Manifest.lock\" > /dev/null\nif [ $? != 0 ] ; then\n    # print error to STDERR\n    echo \"error: The sandbox is not in sync with the Podfile.lock. Run 'pod install' or update your CocoaPods installation.\" >&2\n    exit 1\nfi\n# This output is used by Xcode 'outputs' to avoid re-running this script phase.\necho \"SUCCESS\" > \"${SCRIPT_OUTPUT_FILE_0}\"\n";
			showEnvVarsInLog = 0;
		};
		C0FCCC282B4DFBE2E56F7F7F /* [CP] Embed Pods Frameworks */ = {
			isa = PBXShellScriptBuildPhase;
			buildActionMask = 2147483647;
			files = (
			);
			inputFileListPaths = (
				"${PODS_ROOT}/Target Support Files/Pods-Twitter-Clone/Pods-Twitter-Clone-frameworks-${CONFIGURATION}-input-files.xcfilelist",
			);
			name = "[CP] Embed Pods Frameworks";
			outputFileListPaths = (
				"${PODS_ROOT}/Target Support Files/Pods-Twitter-Clone/Pods-Twitter-Clone-frameworks-${CONFIGURATION}-output-files.xcfilelist",
			);
			runOnlyForDeploymentPostprocessing = 0;
			shellPath = /bin/sh;
			shellScript = "\"${PODS_ROOT}/Target Support Files/Pods-Twitter-Clone/Pods-Twitter-Clone-frameworks.sh\"\n";
			showEnvVarsInLog = 0;
		};
/* End PBXShellScriptBuildPhase section */

/* Begin PBXSourcesBuildPhase section */
		4176AB242BE520FD00F39712 /* Sources */ = {
			isa = PBXSourcesBuildPhase;
			buildActionMask = 2147483647;
			files = (
				4176AB4E2BE6453F00F39712 /* NotificationsController.swift in Sources */,
				4176AB502BE6455200F39712 /* ConversationsController.swift in Sources */,
				4176AB592BEB8D1700F39712 /* Utilities.swift in Sources */,
				4176AB2C2BE520FD00F39712 /* AppDelegate.swift in Sources */,
				4176AB4C2BE6452C00F39712 /* ExploreController.swift in Sources */,
				4176AB552BEA7DAD00F39712 /* LoginController.swift in Sources */,
				4176AB522BEA2A5600F39712 /* Extentions.swift in Sources */,
				4176AB2E2BE520FD00F39712 /* SceneDelegate.swift in Sources */,
				4176AB462BE5583700F39712 /* MainTabController.swift in Sources */,
				4176AB572BEA7E3800F39712 /* RegistrationController.swift in Sources */,
				4176AB4A2BE644A700F39712 /* FeedController.swift in Sources */,
			);
			runOnlyForDeploymentPostprocessing = 0;
		};
/* End PBXSourcesBuildPhase section */

/* Begin PBXVariantGroup section */
		4176AB312BE520FD00F39712 /* Main.storyboard */ = {
			isa = PBXVariantGroup;
			children = (
				4176AB322BE520FD00F39712 /* Base */,
			);
			name = Main.storyboard;
			sourceTree = "<group>";
		};
		4176AB362BE520FE00F39712 /* LaunchScreen.storyboard */ = {
			isa = PBXVariantGroup;
			children = (
				4176AB372BE520FE00F39712 /* Base */,
			);
			name = LaunchScreen.storyboard;
			sourceTree = "<group>";
		};
/* End PBXVariantGroup section */

/* Begin XCBuildConfiguration section */
		4176AB3A2BE520FE00F39712 /* Debug */ = {
			isa = XCBuildConfiguration;
			buildSettings = {
				ALWAYS_SEARCH_USER_PATHS = NO;
				ASSETCATALOG_COMPILER_GENERATE_SWIFT_ASSET_SYMBOL_EXTENSIONS = YES;
				CLANG_ANALYZER_NONNULL = YES;
				CLANG_ANALYZER_NUMBER_OBJECT_CONVERSION = YES_AGGRESSIVE;
				CLANG_CXX_LANGUAGE_STANDARD = "gnu++20";
				CLANG_ENABLE_MODULES = YES;
				CLANG_ENABLE_OBJC_ARC = YES;
				CLANG_ENABLE_OBJC_WEAK = YES;
				CLANG_WARN_BLOCK_CAPTURE_AUTORELEASING = YES;
				CLANG_WARN_BOOL_CONVERSION = YES;
				CLANG_WARN_COMMA = YES;
				CLANG_WARN_CONSTANT_CONVERSION = YES;
				CLANG_WARN_DEPRECATED_OBJC_IMPLEMENTATIONS = YES;
				CLANG_WARN_DIRECT_OBJC_ISA_USAGE = YES_ERROR;
				CLANG_WARN_DOCUMENTATION_COMMENTS = YES;
				CLANG_WARN_EMPTY_BODY = YES;
				CLANG_WARN_ENUM_CONVERSION = YES;
				CLANG_WARN_INFINITE_RECURSION = YES;
				CLANG_WARN_INT_CONVERSION = YES;
				CLANG_WARN_NON_LITERAL_NULL_CONVERSION = YES;
				CLANG_WARN_OBJC_IMPLICIT_RETAIN_SELF = YES;
				CLANG_WARN_OBJC_LITERAL_CONVERSION = YES;
				CLANG_WARN_OBJC_ROOT_CLASS = YES_ERROR;
				CLANG_WARN_QUOTED_INCLUDE_IN_FRAMEWORK_HEADER = YES;
				CLANG_WARN_RANGE_LOOP_ANALYSIS = YES;
				CLANG_WARN_STRICT_PROTOTYPES = NO;
				CLANG_WARN_SUSPICIOUS_MOVE = YES;
				CLANG_WARN_UNGUARDED_AVAILABILITY = YES_AGGRESSIVE;
				CLANG_WARN_UNREACHABLE_CODE = YES;
				CLANG_WARN__DUPLICATE_METHOD_MATCH = YES;
				COPY_PHASE_STRIP = NO;
				DEBUG_INFORMATION_FORMAT = dwarf;
				ENABLE_STRICT_OBJC_MSGSEND = YES;
				ENABLE_TESTABILITY = YES;
				ENABLE_USER_SCRIPT_SANDBOXING = NO;
				"EXCLUDED_ARCHS[sdk=iphonesimulator*]" = arm64;
				GCC_C_LANGUAGE_STANDARD = gnu17;
				GCC_DYNAMIC_NO_PIC = NO;
				GCC_NO_COMMON_BLOCKS = YES;
				GCC_OPTIMIZATION_LEVEL = 0;
				GCC_PREPROCESSOR_DEFINITIONS = (
					"DEBUG=1",
					"$(inherited)",
				);
				GCC_WARN_64_TO_32_BIT_CONVERSION = YES;
				GCC_WARN_ABOUT_RETURN_TYPE = YES_ERROR;
				GCC_WARN_UNDECLARED_SELECTOR = YES;
				GCC_WARN_UNINITIALIZED_AUTOS = YES_AGGRESSIVE;
				GCC_WARN_UNUSED_FUNCTION = YES;
				GCC_WARN_UNUSED_VARIABLE = YES;
				IPHONEOS_DEPLOYMENT_TARGET = 17.4;
				LOCALIZATION_PREFERS_STRING_CATALOGS = YES;
				MTL_ENABLE_DEBUG_INFO = INCLUDE_SOURCE;
				MTL_FAST_MATH = YES;
				ONLY_ACTIVE_ARCH = YES;
				SDKROOT = iphoneos;
				SWIFT_ACTIVE_COMPILATION_CONDITIONS = "DEBUG $(inherited)";
				SWIFT_OPTIMIZATION_LEVEL = "-Onone";
			};
			name = Debug;
		};
		4176AB3B2BE520FE00F39712 /* Release */ = {
			isa = XCBuildConfiguration;
			buildSettings = {
				ALWAYS_SEARCH_USER_PATHS = NO;
				ASSETCATALOG_COMPILER_GENERATE_SWIFT_ASSET_SYMBOL_EXTENSIONS = YES;
				CLANG_ANALYZER_NONNULL = YES;
				CLANG_ANALYZER_NUMBER_OBJECT_CONVERSION = YES_AGGRESSIVE;
				CLANG_CXX_LANGUAGE_STANDARD = "gnu++20";
				CLANG_ENABLE_MODULES = YES;
				CLANG_ENABLE_OBJC_ARC = YES;
				CLANG_ENABLE_OBJC_WEAK = YES;
				CLANG_WARN_BLOCK_CAPTURE_AUTORELEASING = YES;
				CLANG_WARN_BOOL_CONVERSION = YES;
				CLANG_WARN_COMMA = YES;
				CLANG_WARN_CONSTANT_CONVERSION = YES;
				CLANG_WARN_DEPRECATED_OBJC_IMPLEMENTATIONS = YES;
				CLANG_WARN_DIRECT_OBJC_ISA_USAGE = YES_ERROR;
				CLANG_WARN_DOCUMENTATION_COMMENTS = YES;
				CLANG_WARN_EMPTY_BODY = YES;
				CLANG_WARN_ENUM_CONVERSION = YES;
				CLANG_WARN_INFINITE_RECURSION = YES;
				CLANG_WARN_INT_CONVERSION = YES;
				CLANG_WARN_NON_LITERAL_NULL_CONVERSION = YES;
				CLANG_WARN_OBJC_IMPLICIT_RETAIN_SELF = YES;
				CLANG_WARN_OBJC_LITERAL_CONVERSION = YES;
				CLANG_WARN_OBJC_ROOT_CLASS = YES_ERROR;
				CLANG_WARN_QUOTED_INCLUDE_IN_FRAMEWORK_HEADER = YES;
				CLANG_WARN_RANGE_LOOP_ANALYSIS = YES;
				CLANG_WARN_STRICT_PROTOTYPES = NO;
				CLANG_WARN_SUSPICIOUS_MOVE = YES;
				CLANG_WARN_UNGUARDED_AVAILABILITY = YES_AGGRESSIVE;
				CLANG_WARN_UNREACHABLE_CODE = YES;
				CLANG_WARN__DUPLICATE_METHOD_MATCH = YES;
				COPY_PHASE_STRIP = NO;
				DEBUG_INFORMATION_FORMAT = "dwarf-with-dsym";
				ENABLE_NS_ASSERTIONS = NO;
				ENABLE_STRICT_OBJC_MSGSEND = YES;
				ENABLE_USER_SCRIPT_SANDBOXING = NO;
				"EXCLUDED_ARCHS[sdk=iphonesimulator*]" = arm64;
				GCC_C_LANGUAGE_STANDARD = gnu17;
				GCC_NO_COMMON_BLOCKS = YES;
				GCC_WARN_64_TO_32_BIT_CONVERSION = YES;
				GCC_WARN_ABOUT_RETURN_TYPE = YES_ERROR;
				GCC_WARN_UNDECLARED_SELECTOR = YES;
				GCC_WARN_UNINITIALIZED_AUTOS = YES_AGGRESSIVE;
				GCC_WARN_UNUSED_FUNCTION = YES;
				GCC_WARN_UNUSED_VARIABLE = YES;
				IPHONEOS_DEPLOYMENT_TARGET = 17.4;
				LOCALIZATION_PREFERS_STRING_CATALOGS = YES;
				MTL_ENABLE_DEBUG_INFO = NO;
				MTL_FAST_MATH = YES;
				SDKROOT = iphoneos;
				SWIFT_COMPILATION_MODE = wholemodule;
				VALIDATE_PRODUCT = YES;
			};
			name = Release;
		};
		4176AB3D2BE520FE00F39712 /* Debug */ = {
			isa = XCBuildConfiguration;
			baseConfigurationReference = F34C6CBCEB23FF225A6BAE2D /* Pods-Twitter-Clone.debug.xcconfig */;
			buildSettings = {
				ASSETCATALOG_COMPILER_APPICON_NAME = AppIcon;
				ASSETCATALOG_COMPILER_GLOBAL_ACCENT_COLOR_NAME = AccentColor;
				CODE_SIGN_STYLE = Automatic;
				CURRENT_PROJECT_VERSION = 1;
				ENABLE_USER_SCRIPT_SANDBOXING = NO;
				GENERATE_INFOPLIST_FILE = YES;
				INFOPLIST_FILE = "Twitter-Clone/Info.plist";
				INFOPLIST_KEY_UIApplicationSupportsIndirectInputEvents = YES;
				INFOPLIST_KEY_UILaunchStoryboardName = LaunchScreen;
				INFOPLIST_KEY_UIMainStoryboardFile = Main;
				INFOPLIST_KEY_UISupportedInterfaceOrientations_iPad = "UIInterfaceOrientationPortrait UIInterfaceOrientationPortraitUpsideDown UIInterfaceOrientationLandscapeLeft UIInterfaceOrientationLandscapeRight";
				INFOPLIST_KEY_UISupportedInterfaceOrientations_iPhone = "UIInterfaceOrientationPortrait UIInterfaceOrientationLandscapeLeft UIInterfaceOrientationLandscapeRight";
				LD_RUNPATH_SEARCH_PATHS = (
					"$(inherited)",
					"@executable_path/Frameworks",
				);
				MARKETING_VERSION = 1.0;
				PRODUCT_BUNDLE_IDENTIFIER = "Ashkan.Ebtekari.Twitter-Clone";
				PRODUCT_NAME = "$(TARGET_NAME)";
				SWIFT_EMIT_LOC_STRINGS = YES;
				SWIFT_VERSION = 5.0;
				TARGETED_DEVICE_FAMILY = "1,2";
			};
			name = Debug;
		};
		4176AB3E2BE520FE00F39712 /* Release */ = {
			isa = XCBuildConfiguration;
			baseConfigurationReference = 1367DC942958A880FB27190B /* Pods-Twitter-Clone.release.xcconfig */;
			buildSettings = {
				ASSETCATALOG_COMPILER_APPICON_NAME = AppIcon;
				ASSETCATALOG_COMPILER_GLOBAL_ACCENT_COLOR_NAME = AccentColor;
				CODE_SIGN_STYLE = Automatic;
				CURRENT_PROJECT_VERSION = 1;
				ENABLE_USER_SCRIPT_SANDBOXING = NO;
				GENERATE_INFOPLIST_FILE = YES;
				INFOPLIST_FILE = "Twitter-Clone/Info.plist";
				INFOPLIST_KEY_UIApplicationSupportsIndirectInputEvents = YES;
				INFOPLIST_KEY_UILaunchStoryboardName = LaunchScreen;
				INFOPLIST_KEY_UIMainStoryboardFile = Main;
				INFOPLIST_KEY_UISupportedInterfaceOrientations_iPad = "UIInterfaceOrientationPortrait UIInterfaceOrientationPortraitUpsideDown UIInterfaceOrientationLandscapeLeft UIInterfaceOrientationLandscapeRight";
				INFOPLIST_KEY_UISupportedInterfaceOrientations_iPhone = "UIInterfaceOrientationPortrait UIInterfaceOrientationLandscapeLeft UIInterfaceOrientationLandscapeRight";
				LD_RUNPATH_SEARCH_PATHS = (
					"$(inherited)",
					"@executable_path/Frameworks",
				);
				MARKETING_VERSION = 1.0;
				PRODUCT_BUNDLE_IDENTIFIER = "Ashkan.Ebtekari.Twitter-Clone";
				PRODUCT_NAME = "$(TARGET_NAME)";
				SWIFT_EMIT_LOC_STRINGS = YES;
				SWIFT_VERSION = 5.0;
				TARGETED_DEVICE_FAMILY = "1,2";
			};
			name = Release;
		};
/* End XCBuildConfiguration section */

/* Begin XCConfigurationList section */
		4176AB232BE520FD00F39712 /* Build configuration list for PBXProject "Twitter-Clone" */ = {
			isa = XCConfigurationList;
			buildConfigurations = (
				4176AB3A2BE520FE00F39712 /* Debug */,
				4176AB3B2BE520FE00F39712 /* Release */,
			);
			defaultConfigurationIsVisible = 0;
			defaultConfigurationName = Release;
		};
		4176AB3C2BE520FE00F39712 /* Build configuration list for PBXNativeTarget "Twitter-Clone" */ = {
			isa = XCConfigurationList;
			buildConfigurations = (
				4176AB3D2BE520FE00F39712 /* Debug */,
				4176AB3E2BE520FE00F39712 /* Release */,
			);
			defaultConfigurationIsVisible = 0;
			defaultConfigurationName = Release;
		};
/* End XCConfigurationList section */
	};
	rootObject = 4176AB202BE520FD00F39712 /* Project object */;
}
